
Microsoft Visual Studio Solution File, Format Version 12.00
# Visual Studio Version 16
VisualStudioVersion = 16.0.30002.166
MinimumVisualStudioVersion = 10.0.40219.1
Project("{FAE04EC0-301F-11D3-BF4B-00C04F79EFBC}") = "BugTracker", "BugTracker.csproj", "{9898821D-2009-4FB0-B3A2-640FAB54270B}"
EndProject
Global
	GlobalSection(SolutionConfigurationPlatforms) = preSolution
		Debug|Any CPU = Debug|Any CPU
		Release|Any CPU = Release|Any CPU
	EndGlobalSection
	GlobalSection(ProjectConfigurationPlatforms) = postSolution
		{9898821D-2009-4FB0-B3A2-640FAB54270B}.Debug|Any CPU.ActiveCfg = Debug|Any CPU
		{9898821D-2009-4FB0-B3A2-640FAB54270B}.Debug|Any CPU.Build.0 = Debug|Any CPU
		{9898821D-2009-4FB0-B3A2-640FAB54270B}.Release|Any CPU.ActiveCfg = Release|Any CPU
		{9898821D-2009-4FB0-B3A2-640FAB54270B}.Release|Any CPU.Build.0 = Release|Any CPU
	EndGlobalSection
	GlobalSection(SolutionProperties) = preSolution
		HideSolutionNode = FALSE
	EndGlobalSection
	GlobalSection(ExtensibilityGlobals) = postSolution
		SolutionGuid = {8A17C020-BBD5-40BB-ACFF-4F1086B8F63E}
	EndGlobalSection
EndGlobal
